
Microsoft Visual Studio Solution File, Format Version 11.00
# Visual Studio 2010
Project("{FAE04EC0-301F-11D3-BF4B-00C04F79EFBC}") = "BookReader", "BookReader\BookReader.csproj", "{86B6CF74-961D-4B8B-8FA6-B23954EB2830}"
EndProject
Project("{FAE04EC0-301F-11D3-BF4B-00C04F79EFBC}") = "BookLibrary", "BookLibrary\BookLibrary.csproj", "{ED8AF42F-DCBD-454F-BEFE-79D81141164E}"
EndProject
Global
	GlobalSection(SolutionConfigurationPlatforms) = preSolution
		Debug|Any CPU = Debug|Any CPU
		Debug|Mixed Platforms = Debug|Mixed Platforms
		Debug|x86 = Debug|x86
		Release|Any CPU = Release|Any CPU
		Release|Mixed Platforms = Release|Mixed Platforms
		Release|x86 = Release|x86
	EndGlobalSection
	GlobalSection(ProjectConfigurationPlatforms) = postSolution
		{86B6CF74-961D-4B8B-8FA6-B23954EB2830}.Debug|Any CPU.ActiveCfg = Debug|x86
		{86B6CF74-961D-4B8B-8FA6-B23954EB2830}.Debug|Mixed Platforms.ActiveCfg = Debug|x86
		{86B6CF74-961D-4B8B-8FA6-B23954EB2830}.Debug|Mixed Platforms.Build.0 = Debug|x86
		{86B6CF74-961D-4B8B-8FA6-B23954EB2830}.Debug|x86.ActiveCfg = Debug|x86
		{86B6CF74-961D-4B8B-8FA6-B23954EB2830}.Debug|x86.Build.0 = Debug|x86
		{86B6CF74-961D-4B8B-8FA6-B23954EB2830}.Release|Any CPU.ActiveCfg = Release|x86
		{86B6CF74-961D-4B8B-8FA6-B23954EB2830}.Release|Mixed Platforms.ActiveCfg = Release|x86
		{86B6CF74-961D-4B8B-8FA6-B23954EB2830}.Release|Mixed Platforms.Build.0 = Release|x86
		{86B6CF74-961D-4B8B-8FA6-B23954EB2830}.Release|x86.ActiveCfg = Release|x86
		{86B6CF74-961D-4B8B-8FA6-B23954EB2830}.Release|x86.Build.0 = Release|x86
		{ED8AF42F-DCBD-454F-BEFE-79D81141164E}.Debug|Any CPU.ActiveCfg = Debug|Any CPU
		{ED8AF42F-DCBD-454F-BEFE-79D81141164E}.Debug|Any CPU.Build.0 = Debug|Any CPU
		{ED8AF42F-DCBD-454F-BEFE-79D81141164E}.Debug|Mixed Platforms.ActiveCfg = Debug|Any CPU
		{ED8AF42F-DCBD-454F-BEFE-79D81141164E}.Debug|Mixed Platforms.Build.0 = Debug|Any CPU
		{ED8AF42F-DCBD-454F-BEFE-79D81141164E}.Debug|x86.ActiveCfg = Debug|Any CPU
		{ED8AF42F-DCBD-454F-BEFE-79D81141164E}.Release|Any CPU.ActiveCfg = Release|Any CPU
		{ED8AF42F-DCBD-454F-BEFE-79D81141164E}.Release|Any CPU.Build.0 = Release|Any CPU
		{ED8AF42F-DCBD-454F-BEFE-79D81141164E}.Release|Mixed Platforms.ActiveCfg = Release|Any CPU
		{ED8AF42F-DCBD-454F-BEFE-79D81141164E}.Release|Mixed Platforms.Build.0 = Release|Any CPU
		{ED8AF42F-DCBD-454F-BEFE-79D81141164E}.Release|x86.ActiveCfg = Release|Any CPU
	EndGlobalSection
	GlobalSection(SolutionProperties) = preSolution
		HideSolutionNode = FALSE
	EndGlobalSection
EndGlobal
